
Microsoft Visual Studio Solution File, Format Version 12.00
# Visual Studio Version 17
VisualStudioVersion = 17.6.33815.320
MinimumVisualStudioVersion = 10.0.40219.1
Project("{9A19103F-16F7-4668-BE54-9A1E7A4F7556}") = "StoreNet.Domain", "StoreNet.Domain\StoreNet.Domain.csproj", "{CF028FE2-501D-488B-B78D-899371EF16C3}"
EndProject
Project("{9A19103F-16F7-4668-BE54-9A1E7A4F7556}") = "StoreNet.Service", "StoreNet.Service\StoreNet.Service.csproj", "{9CC0D26D-C2EE-4B37-BCE7-8FBFEC385293}"
EndProject
Project("{9A19103F-16F7-4668-BE54-9A1E7A4F7556}") = "StoreNet.Infrastructure", "StoreNet.Infrastructure\StoreNet.Infrastructure.csproj", "{7A9547C2-D103-4EF1-888B-D8A82785281E}"
EndProject
Project("{9A19103F-16F7-4668-BE54-9A1E7A4F7556}") = "StoreNet.API", "StoreNet.API\StoreNet.API.csproj", "{5A8032DB-0AA3-4FA6-8651-D35F9545E26E}"
EndProject
Project("{9A19103F-16F7-4668-BE54-9A1E7A4F7556}") = "StoreNet.Application", "StoreNet.Application\StoreNet.Application.csproj", "{84E50B6A-E39E-4BC4-9345-F1E91B2A5507}"
EndProject
Project("{54A90642-561A-4BB1-A94E-469ADEE60C69}") = "StoreNet.Frontend", "StoreNet.Frontend\StoreNet.Frontend.esproj", "{3254FC2D-CC32-4FFE-9D40-6F879B5CA927}"
EndProject
Project("{2150E333-8FDC-42A3-9474-1A3956D46DE8}") = "Elementos de la solución", "Elementos de la solución", "{1FD20377-5D1C-4AD5-B9EA-7A1428AC19F4}"
	ProjectSection(SolutionItems) = preProject
		.dockerignore = .dockerignore
		.gitignore = .gitignore
		README.md = README.md
	EndProjectSection
EndProject
Global
	GlobalSection(SolutionConfigurationPlatforms) = preSolution
		Debug|Any CPU = Debug|Any CPU
		Release|Any CPU = Release|Any CPU
	EndGlobalSection
	GlobalSection(ProjectConfigurationPlatforms) = postSolution
		{CF028FE2-501D-488B-B78D-899371EF16C3}.Debug|Any CPU.ActiveCfg = Debug|Any CPU
		{CF028FE2-501D-488B-B78D-899371EF16C3}.Debug|Any CPU.Build.0 = Debug|Any CPU
		{CF028FE2-501D-488B-B78D-899371EF16C3}.Release|Any CPU.ActiveCfg = Release|Any CPU
		{CF028FE2-501D-488B-B78D-899371EF16C3}.Release|Any CPU.Build.0 = Release|Any CPU
		{9CC0D26D-C2EE-4B37-BCE7-8FBFEC385293}.Debug|Any CPU.ActiveCfg = Debug|Any CPU
		{9CC0D26D-C2EE-4B37-BCE7-8FBFEC385293}.Debug|Any CPU.Build.0 = Debug|Any CPU
		{9CC0D26D-C2EE-4B37-BCE7-8FBFEC385293}.Release|Any CPU.ActiveCfg = Release|Any CPU
		{9CC0D26D-C2EE-4B37-BCE7-8FBFEC385293}.Release|Any CPU.Build.0 = Release|Any CPU
		{7A9547C2-D103-4EF1-888B-D8A82785281E}.Debug|Any CPU.ActiveCfg = Debug|Any CPU
		{7A9547C2-D103-4EF1-888B-D8A82785281E}.Debug|Any CPU.Build.0 = Debug|Any CPU
		{7A9547C2-D103-4EF1-888B-D8A82785281E}.Release|Any CPU.ActiveCfg = Release|Any CPU
		{7A9547C2-D103-4EF1-888B-D8A82785281E}.Release|Any CPU.Build.0 = Release|Any CPU
		{5A8032DB-0AA3-4FA6-8651-D35F9545E26E}.Debug|Any CPU.ActiveCfg = Debug|Any CPU
		{5A8032DB-0AA3-4FA6-8651-D35F9545E26E}.Debug|Any CPU.Build.0 = Debug|Any CPU
		{5A8032DB-0AA3-4FA6-8651-D35F9545E26E}.Release|Any CPU.ActiveCfg = Release|Any CPU
		{5A8032DB-0AA3-4FA6-8651-D35F9545E26E}.Release|Any CPU.Build.0 = Release|Any CPU
		{84E50B6A-E39E-4BC4-9345-F1E91B2A5507}.Debug|Any CPU.ActiveCfg = Debug|Any CPU
		{84E50B6A-E39E-4BC4-9345-F1E91B2A5507}.Debug|Any CPU.Build.0 = Debug|Any CPU
		{84E50B6A-E39E-4BC4-9345-F1E91B2A5507}.Release|Any CPU.ActiveCfg = Release|Any CPU
		{84E50B6A-E39E-4BC4-9345-F1E91B2A5507}.Release|Any CPU.Build.0 = Release|Any CPU
		{3254FC2D-CC32-4FFE-9D40-6F879B5CA927}.Debug|Any CPU.ActiveCfg = Debug|Any CPU
		{3254FC2D-CC32-4FFE-9D40-6F879B5CA927}.Debug|Any CPU.Build.0 = Debug|Any CPU
		{3254FC2D-CC32-4FFE-9D40-6F879B5CA927}.Debug|Any CPU.Deploy.0 = Debug|Any CPU
		{3254FC2D-CC32-4FFE-9D40-6F879B5CA927}.Release|Any CPU.ActiveCfg = Release|Any CPU
		{3254FC2D-CC32-4FFE-9D40-6F879B5CA927}.Release|Any CPU.Build.0 = Release|Any CPU
		{3254FC2D-CC32-4FFE-9D40-6F879B5CA927}.Release|Any CPU.Deploy.0 = Release|Any CPU
	EndGlobalSection
	GlobalSection(SolutionProperties) = preSolution
		HideSolutionNode = FALSE
	EndGlobalSection
	GlobalSection(ExtensibilityGlobals) = postSolution
		SolutionGuid = {DBD697A3-0225-48E6-BEDD-C459EC1D9217}
	EndGlobalSection
EndGlobal
